
Microsoft Visual Studio Solution File, Format Version 12.00
# Visual Studio Version 16
VisualStudioVersion = 16.0.31613.86
MinimumVisualStudioVersion = 10.0.40219.1
Project("{FAE04EC0-301F-11D3-BF4B-00C04F79EFBC}") = "Saturno", "Saturno\Saturno.csproj", "{74962FD2-387F-42ED-A2DE-E9C4359299CC}"
EndProject
Global
	GlobalSection(SolutionConfigurationPlatforms) = preSolution
		Debug|Any CPU = Debug|Any CPU
		Release|Any CPU = Release|Any CPU
	EndGlobalSection
	GlobalSection(ProjectConfigurationPlatforms) = postSolution
		{74962FD2-387F-42ED-A2DE-E9C4359299CC}.Debug|Any CPU.ActiveCfg = Debug|Any CPU
		{74962FD2-387F-42ED-A2DE-E9C4359299CC}.Debug|Any CPU.Build.0 = Debug|Any CPU
		{74962FD2-387F-42ED-A2DE-E9C4359299CC}.Release|Any CPU.ActiveCfg = Release|Any CPU
		{74962FD2-387F-42ED-A2DE-E9C4359299CC}.Release|Any CPU.Build.0 = Release|Any CPU
	EndGlobalSection
	GlobalSection(SolutionProperties) = preSolution
		HideSolutionNode = FALSE
	EndGlobalSection
	GlobalSection(ExtensibilityGlobals) = postSolution
		SolutionGuid = {8B42F29B-8681-489C-8268-977B78C18AFB}
	EndGlobalSection
EndGlobal
